
Microsoft Visual Studio Solution File, Format Version 12.00
# Visual Studio Version 16
VisualStudioVersion = 25.0.1705.0
MinimumVisualStudioVersion = 10.0.40219.1
Project("{FAE04EC0-301F-11D3-BF4B-00C04F79EFBC}") = "ReadyCashConsole", "ReadyCashConsole\ReadyCashConsole.csproj", "{E06682E8-E16B-4155-91B2-0F414F45649E}"
EndProject
Project("{FAE04EC0-301F-11D3-BF4B-00C04F79EFBC}") = "ReadyCashUnitTest", "ReadyCashUnitTest\ReadyCashUnitTest.csproj", "{613D2FB7-787B-426A-BD50-A4C7A7A980C0}"
EndProject
Project("{FAE04EC0-301F-11D3-BF4B-00C04F79EFBC}") = "CustomerCore", "CustomerCore\CustomerCore.csproj", "{8833A578-3CCB-408E-BAFC-0EE58E98BCD2}"
EndProject
Project("{FAE04EC0-301F-11D3-BF4B-00C04F79EFBC}") = "LoanCore", "LoanCore\LoanCore.csproj", "{7EE1BE4C-068A-4407-AAA0-EA5D316F5D3B}"
EndProject
Project("{FAE04EC0-301F-11D3-BF4B-00C04F79EFBC}") = "CustomerService", "CustomerService\CustomerService.csproj", "{7F010706-DB32-476F-8A8D-3EC22121150D}"
EndProject
Project("{FAE04EC0-301F-11D3-BF4B-00C04F79EFBC}") = "LoanService", "LoanService\LoanService.csproj", "{E7A16EAC-775C-4595-92CE-935C2E619F2F}"
EndProject
Project("{FAE04EC0-301F-11D3-BF4B-00C04F79EFBC}") = "MessageBroker", "MessageBroker\MessageBroker.csproj", "{E0AADE6E-A03D-41F3-80F4-9E5699C89A2E}"
EndProject
Project("{FAE04EC0-301F-11D3-BF4B-00C04F79EFBC}") = "MessageProducer", "BaseService\MessageProducer.csproj", "{D498C1A2-560C-4831-AE72-990828FAD0AE}"
EndProject
Global
	GlobalSection(SolutionConfigurationPlatforms) = preSolution
		Debug|Any CPU = Debug|Any CPU
		Release|Any CPU = Release|Any CPU
	EndGlobalSection
	GlobalSection(ProjectConfigurationPlatforms) = postSolution
		{E06682E8-E16B-4155-91B2-0F414F45649E}.Debug|Any CPU.ActiveCfg = Debug|Any CPU
		{E06682E8-E16B-4155-91B2-0F414F45649E}.Debug|Any CPU.Build.0 = Debug|Any CPU
		{E06682E8-E16B-4155-91B2-0F414F45649E}.Release|Any CPU.ActiveCfg = Release|Any CPU
		{E06682E8-E16B-4155-91B2-0F414F45649E}.Release|Any CPU.Build.0 = Release|Any CPU
		{613D2FB7-787B-426A-BD50-A4C7A7A980C0}.Debug|Any CPU.ActiveCfg = Debug|Any CPU
		{613D2FB7-787B-426A-BD50-A4C7A7A980C0}.Debug|Any CPU.Build.0 = Debug|Any CPU
		{613D2FB7-787B-426A-BD50-A4C7A7A980C0}.Release|Any CPU.ActiveCfg = Release|Any CPU
		{613D2FB7-787B-426A-BD50-A4C7A7A980C0}.Release|Any CPU.Build.0 = Release|Any CPU
		{8833A578-3CCB-408E-BAFC-0EE58E98BCD2}.Debug|Any CPU.ActiveCfg = Debug|Any CPU
		{8833A578-3CCB-408E-BAFC-0EE58E98BCD2}.Debug|Any CPU.Build.0 = Debug|Any CPU
		{8833A578-3CCB-408E-BAFC-0EE58E98BCD2}.Release|Any CPU.ActiveCfg = Release|Any CPU
		{8833A578-3CCB-408E-BAFC-0EE58E98BCD2}.Release|Any CPU.Build.0 = Release|Any CPU
		{7EE1BE4C-068A-4407-AAA0-EA5D316F5D3B}.Debug|Any CPU.ActiveCfg = Debug|Any CPU
		{7EE1BE4C-068A-4407-AAA0-EA5D316F5D3B}.Debug|Any CPU.Build.0 = Debug|Any CPU
		{7EE1BE4C-068A-4407-AAA0-EA5D316F5D3B}.Release|Any CPU.ActiveCfg = Release|Any CPU
		{7EE1BE4C-068A-4407-AAA0-EA5D316F5D3B}.Release|Any CPU.Build.0 = Release|Any CPU
		{7F010706-DB32-476F-8A8D-3EC22121150D}.Debug|Any CPU.ActiveCfg = Debug|Any CPU
		{7F010706-DB32-476F-8A8D-3EC22121150D}.Debug|Any CPU.Build.0 = Debug|Any CPU
		{7F010706-DB32-476F-8A8D-3EC22121150D}.Release|Any CPU.ActiveCfg = Release|Any CPU
		{7F010706-DB32-476F-8A8D-3EC22121150D}.Release|Any CPU.Build.0 = Release|Any CPU
		{E7A16EAC-775C-4595-92CE-935C2E619F2F}.Debug|Any CPU.ActiveCfg = Debug|Any CPU
		{E7A16EAC-775C-4595-92CE-935C2E619F2F}.Debug|Any CPU.Build.0 = Debug|Any CPU
		{E7A16EAC-775C-4595-92CE-935C2E619F2F}.Release|Any CPU.ActiveCfg = Release|Any CPU
		{E7A16EAC-775C-4595-92CE-935C2E619F2F}.Release|Any CPU.Build.0 = Release|Any CPU
		{E0AADE6E-A03D-41F3-80F4-9E5699C89A2E}.Debug|Any CPU.ActiveCfg = Debug|Any CPU
		{E0AADE6E-A03D-41F3-80F4-9E5699C89A2E}.Debug|Any CPU.Build.0 = Debug|Any CPU
		{E0AADE6E-A03D-41F3-80F4-9E5699C89A2E}.Release|Any CPU.ActiveCfg = Release|Any CPU
		{E0AADE6E-A03D-41F3-80F4-9E5699C89A2E}.Release|Any CPU.Build.0 = Release|Any CPU
		{D498C1A2-560C-4831-AE72-990828FAD0AE}.Debug|Any CPU.ActiveCfg = Debug|Any CPU
		{D498C1A2-560C-4831-AE72-990828FAD0AE}.Debug|Any CPU.Build.0 = Debug|Any CPU
		{D498C1A2-560C-4831-AE72-990828FAD0AE}.Release|Any CPU.ActiveCfg = Release|Any CPU
		{D498C1A2-560C-4831-AE72-990828FAD0AE}.Release|Any CPU.Build.0 = Release|Any CPU
	EndGlobalSection
	GlobalSection(SolutionProperties) = preSolution
		HideSolutionNode = FALSE
	EndGlobalSection
	GlobalSection(ExtensibilityGlobals) = postSolution
		SolutionGuid = {CBDFB52D-FC4E-4493-B142-7260E9C41DF0}
	EndGlobalSection
EndGlobal
